
Microsoft Visual Studio Solution File, Format Version 12.00
# Visual Studio Version 17
VisualStudioVersion = 17.14.36717.8 d17.14
MinimumVisualStudioVersion = 10.0.40219.1
Project("{8BC9CEB8-8B4A-11D0-8D11-00A0C91BC942}") = "Project1", "Project1.vcxproj", "{11721576-EBD4-46C1-ADF3-BB7BEF3808FB}"
EndProject
Global
	GlobalSection(SolutionConfigurationPlatforms) = preSolution
		Debug|x64 = Debug|x64
		Debug|x86 = Debug|x86
		Release|x64 = Release|x64
		Release|x86 = Release|x86
	EndGlobalSection
	GlobalSection(ProjectConfigurationPlatforms) = postSolution
		{11721576-EBD4-46C1-ADF3-BB7BEF3808FB}.Debug|x64.ActiveCfg = Debug|x64
		{11721576-EBD4-46C1-ADF3-BB7BEF3808FB}.Debug|x64.Build.0 = Debug|x64
		{11721576-EBD4-46C1-ADF3-BB7BEF3808FB}.Debug|x86.ActiveCfg = Debug|Win32
		{11721576-EBD4-46C1-ADF3-BB7BEF3808FB}.Debug|x86.Build.0 = Debug|Win32
		{11721576-EBD4-46C1-ADF3-BB7BEF3808FB}.Release|x64.ActiveCfg = Release|x64
		{11721576-EBD4-46C1-ADF3-BB7BEF3808FB}.Release|x64.Build.0 = Release|x64
		{11721576-EBD4-46C1-ADF3-BB7BEF3808FB}.Release|x86.ActiveCfg = Release|Win32
		{11721576-EBD4-46C1-ADF3-BB7BEF3808FB}.Release|x86.Build.0 = Release|Win32
	EndGlobalSection
	GlobalSection(SolutionProperties) = preSolution
		HideSolutionNode = FALSE
	EndGlobalSection
	GlobalSection(ExtensibilityGlobals) = postSolution
		SolutionGuid = {1EE5708E-FA48-4D57-9DD8-92867E5352C3}
	EndGlobalSection
EndGlobal
